
Microsoft Visual Studio Solution File, Format Version 12.00
# Visual Studio Version 17
VisualStudioVersion = 17.5.33530.505
MinimumVisualStudioVersion = 10.0.40219.1
Project("{9A19103F-16F7-4668-BE54-9A1E7A4F7556}") = "Lab_2_Domrachev", "Lab_2_Domrachev\Lab_2_Domrachev.csproj", "{5B08E26C-6358-4877-99ED-D8D9ABD604C4}"
EndProject
Project("{FAE04EC0-301F-11D3-BF4B-00C04F79EFBC}") = "TestProject", "TestProject\TestProject.csproj", "{7DC0EC89-CB45-4F31-A16E-B33AEA3C8A75}"
EndProject
Global
	GlobalSection(SolutionConfigurationPlatforms) = preSolution
		Debug|Any CPU = Debug|Any CPU
		Release|Any CPU = Release|Any CPU
	EndGlobalSection
	GlobalSection(ProjectConfigurationPlatforms) = postSolution
		{5B08E26C-6358-4877-99ED-D8D9ABD604C4}.Debug|Any CPU.ActiveCfg = Debug|Any CPU
		{5B08E26C-6358-4877-99ED-D8D9ABD604C4}.Debug|Any CPU.Build.0 = Debug|Any CPU
		{5B08E26C-6358-4877-99ED-D8D9ABD604C4}.Release|Any CPU.ActiveCfg = Release|Any CPU
		{5B08E26C-6358-4877-99ED-D8D9ABD604C4}.Release|Any CPU.Build.0 = Release|Any CPU
		{7DC0EC89-CB45-4F31-A16E-B33AEA3C8A75}.Debug|Any CPU.ActiveCfg = Debug|Any CPU
		{7DC0EC89-CB45-4F31-A16E-B33AEA3C8A75}.Debug|Any CPU.Build.0 = Debug|Any CPU
		{7DC0EC89-CB45-4F31-A16E-B33AEA3C8A75}.Release|Any CPU.ActiveCfg = Release|Any CPU
		{7DC0EC89-CB45-4F31-A16E-B33AEA3C8A75}.Release|Any CPU.Build.0 = Release|Any CPU
	EndGlobalSection
	GlobalSection(SolutionProperties) = preSolution
		HideSolutionNode = FALSE
	EndGlobalSection
	GlobalSection(ExtensibilityGlobals) = postSolution
		SolutionGuid = {2AEB38E3-8926-4536-9F05-FA7CF37A05D8}
	EndGlobalSection
EndGlobal
